
Microsoft Visual Studio Solution File, Format Version 12.00
# Visual Studio Version 16
VisualStudioVersion = 16.0.30611.23
MinimumVisualStudioVersion = 10.0.40219.1
Project("{9A19103F-16F7-4668-BE54-9A1E7A4F7556}") = "YapiLauncher", "YapiLauncher\YapiLauncher.csproj", "{05A077B9-5FEB-459F-B19F-FB0E555AB403}"
EndProject
Project("{54435603-DBB4-11D2-8724-00A0C9A8B90C}") = "Setup1", "Setup1\Setup1.vdproj", "{81E064AA-E62D-446E-B238-43A84E550B83}"
EndProject
Global
	GlobalSection(SolutionConfigurationPlatforms) = preSolution
		Debug|Any CPU = Debug|Any CPU
		Release|Any CPU = Release|Any CPU
	EndGlobalSection
	GlobalSection(ProjectConfigurationPlatforms) = postSolution
		{05A077B9-5FEB-459F-B19F-FB0E555AB403}.Debug|Any CPU.ActiveCfg = Debug|Any CPU
		{05A077B9-5FEB-459F-B19F-FB0E555AB403}.Debug|Any CPU.Build.0 = Debug|Any CPU
		{05A077B9-5FEB-459F-B19F-FB0E555AB403}.Release|Any CPU.ActiveCfg = Release|Any CPU
		{05A077B9-5FEB-459F-B19F-FB0E555AB403}.Release|Any CPU.Build.0 = Release|Any CPU
		{81E064AA-E62D-446E-B238-43A84E550B83}.Debug|Any CPU.ActiveCfg = Debug
		{81E064AA-E62D-446E-B238-43A84E550B83}.Release|Any CPU.ActiveCfg = Release
		{81E064AA-E62D-446E-B238-43A84E550B83}.Release|Any CPU.Build.0 = Release
	EndGlobalSection
	GlobalSection(SolutionProperties) = preSolution
		HideSolutionNode = FALSE
	EndGlobalSection
	GlobalSection(ExtensibilityGlobals) = postSolution
		SolutionGuid = {3DD26680-928D-4195-A6BC-B8CDDD66BB0B}
	EndGlobalSection
EndGlobal
